
Microsoft Visual Studio Solution File, Format Version 12.00
# Visual Studio 14
VisualStudioVersion = 14.0.23107.0
MinimumVisualStudioVersion = 10.0.40219.1
Project("{FAE04EC0-301F-11D3-BF4B-00C04F79EFBC}") = "iContactManager", "iContactManager\iContactManager.csproj", "{B92FA988-361B-4A34-8247-FADE82484E5A}"
EndProject
Project("{FAE04EC0-301F-11D3-BF4B-00C04F79EFBC}") = "DataLoader", "..\DataLoader\DataLoader.csproj", "{BE207255-6CE9-47E0-82F5-AEF589101B8B}"
EndProject
Project("{FAE04EC0-301F-11D3-BF4B-00C04F79EFBC}") = "DataLoaderTests", "..\DataLoaderTests\DataLoaderTests.csproj", "{83C87F79-CDE2-4BDF-92FB-1EBCECFA5A7A}"
EndProject
Global
	GlobalSection(SolutionConfigurationPlatforms) = preSolution
		Debug|Any CPU = Debug|Any CPU
		Release|Any CPU = Release|Any CPU
	EndGlobalSection
	GlobalSection(ProjectConfigurationPlatforms) = postSolution
		{B92FA988-361B-4A34-8247-FADE82484E5A}.Debug|Any CPU.ActiveCfg = Debug|Any CPU
		{B92FA988-361B-4A34-8247-FADE82484E5A}.Debug|Any CPU.Build.0 = Debug|Any CPU
		{B92FA988-361B-4A34-8247-FADE82484E5A}.Release|Any CPU.ActiveCfg = Release|Any CPU
		{B92FA988-361B-4A34-8247-FADE82484E5A}.Release|Any CPU.Build.0 = Release|Any CPU
		{BE207255-6CE9-47E0-82F5-AEF589101B8B}.Debug|Any CPU.ActiveCfg = Debug|Any CPU
		{BE207255-6CE9-47E0-82F5-AEF589101B8B}.Debug|Any CPU.Build.0 = Debug|Any CPU
		{BE207255-6CE9-47E0-82F5-AEF589101B8B}.Release|Any CPU.ActiveCfg = Release|Any CPU
		{BE207255-6CE9-47E0-82F5-AEF589101B8B}.Release|Any CPU.Build.0 = Release|Any CPU
		{83C87F79-CDE2-4BDF-92FB-1EBCECFA5A7A}.Debug|Any CPU.ActiveCfg = Debug|Any CPU
		{83C87F79-CDE2-4BDF-92FB-1EBCECFA5A7A}.Debug|Any CPU.Build.0 = Debug|Any CPU
		{83C87F79-CDE2-4BDF-92FB-1EBCECFA5A7A}.Release|Any CPU.ActiveCfg = Release|Any CPU
		{83C87F79-CDE2-4BDF-92FB-1EBCECFA5A7A}.Release|Any CPU.Build.0 = Release|Any CPU
	EndGlobalSection
	GlobalSection(SolutionProperties) = preSolution
		HideSolutionNode = FALSE
	EndGlobalSection
	GlobalSection(ExtensibilityGlobals) = postSolution
		EnterpriseLibraryConfigurationToolBinariesPathV6 = packages\EnterpriseLibrary.Common.6.0.1304.0\lib\NET45;packages\EnterpriseLibrary.Data.6.0.1304.0\lib\NET45
	EndGlobalSection
EndGlobal
